
Microsoft Visual Studio Solution File, Format Version 12.00
Project("{FAE04EC0-301F-11D3-BF4B-00C04F79EFBC}") = "repartidoP2", "repartidoP2\repartidoP2.csproj", "{861D7B98-F6D2-4228-A3E0-F74DE0AB49DE}"
EndProject
Global
	GlobalSection(SolutionConfigurationPlatforms) = preSolution
		Debug|Any CPU = Debug|Any CPU
		Release|Any CPU = Release|Any CPU
	EndGlobalSection
	GlobalSection(ProjectConfigurationPlatforms) = postSolution
		{861D7B98-F6D2-4228-A3E0-F74DE0AB49DE}.Debug|Any CPU.ActiveCfg = Debug|Any CPU
		{861D7B98-F6D2-4228-A3E0-F74DE0AB49DE}.Debug|Any CPU.Build.0 = Debug|Any CPU
		{861D7B98-F6D2-4228-A3E0-F74DE0AB49DE}.Release|Any CPU.ActiveCfg = Release|Any CPU
		{861D7B98-F6D2-4228-A3E0-F74DE0AB49DE}.Release|Any CPU.Build.0 = Release|Any CPU
	EndGlobalSection
EndGlobal
